{
  "name": "xperiment",
  "lockfileVersion": 3,
  "requires": true,
  "packages": {
    "": {
      "dependencies": {
        "@andypf/json-viewer": "^2.1.10"
      }
    },
    "node_modules/@andypf/json-viewer": {
      "version": "2.1.10",
      "resolved": "https://registry.npmjs.org/@andypf/json-viewer/-/json-viewer-2.1.10.tgz",
      "integrity": "sha512-z7+z4AehDo1jUPfzjFoXCGbyu1NfpIW/H1g6aPZgFZG5Q+9A6ivlZqf1zP/TVFQ/RujTwyfMQUdUz9xaYliv5Q==",
      "license": "MIT"
    }
  }
}
